{
    "_meta": {
        "hash": {
            "sha256": "b83fd327873917b7aa124d40c6a0d7ee23187d0e40dd6d4f6dcd84e1933ee421"
        },
        "pipfile-spec": 6,
        "requires": {
            "python_version": "3.9"
        },
        "sources": [
            {
                "name": "pypi",
                "url": "https://pypi.org/simple",
                "verify_ssl": true
            }
        ]
    },
    "default": {
        "ansicon": {
            "hashes": [
                "sha256:e4d039def5768a47e4afec8e89e83ec3ae5a26bf00ad851f914d1240b444d2b1",
                "sha256:f1def52d17f65c2c9682cf8370c03f541f410c1752d6a14029f97318e4b9dfec"
            ],
            "markers": "platform_system == 'Windows'",
            "version": "==1.89.0"
        },
        "anyio": {
            "hashes": [
                "sha256:24adc69309fb5779bc1e06158e143e0b6d2c56b302a3ac3de3083c705a6ed39d",
                "sha256:2855a9423524abcdd652d942f8932fda1735210f77a6b392eafd9ff34d3fe020"
            ],
            "markers": "python_full_version >= '3.6.2'",
            "version": "==3.4.0"
        },
        "blessed": {
            "hashes": [
                "sha256:1f2d462631b2b6d2d4c3c65b54ef79ad87a6ca2dd55255df2f8d739fcc8a1ddb",
                "sha256:4db0f94e5761aea330b528e84a250027ffe996b5a94bf03e502600c9a5ad7a61"
            ],
            "markers": "python_version >= '2.7'",
            "version": "==1.19.0"
        },
        "certifi": {
            "hashes": [
                "sha256:78884e7c1d4b00ce3cea67b44566851c4343c120abd683433ce934a68ea58872",
                "sha256:d62a0163eb4c2344ac042ab2bdf75399a71a2d8c7d47eac2e2ee91b9d6339569"
            ],
            "version": "==2021.10.8"
        },
        "charset-normalizer": {
            "hashes": [
                "sha256:1eecaa09422db5be9e29d7fc65664e6c33bd06f9ced7838578ba40d58bdf3721",
                "sha256:b0b883e8e874edfdece9c28f314e3dd5badf067342e42fb162203335ae61aa2c"
            ],
            "markers": "python_version >= '3.5'",
            "version": "==2.0.9"
        },
        "click": {
            "hashes": [
                "sha256:353f466495adaeb40b6b5f592f9f91cb22372351c84caeb068132442a4518ef3",
                "sha256:410e932b050f5eed773c4cda94de75971c89cdb3155a72a0831139a79e5ecb5b"
            ],
            "index": "pypi",
            "version": "==8.0.3"
        },
        "colorama": {
            "hashes": [
                "sha256:5941b2b48a20143d2267e95b1c2a7603ce057ee39fd88e7329b0c292aa16869b",
                "sha256:9f47eda37229f68eee03b24b9748937c7dc3868f906e8ba69fbcbdd3bc5dc3e2"
            ],
            "markers": "platform_system == 'Windows'",
            "version": "==0.4.4"
        },
        "commonmark": {
            "hashes": [
                "sha256:452f9dc859be7f06631ddcb328b6919c67984aca654e5fefb3914d54691aed60",
                "sha256:da2f38c92590f83de410ba1a3cbceafbc74fee9def35f9251ba9a971d6d66fd9"
            ],
            "version": "==0.9.1"
        },
        "h11": {
            "hashes": [
                "sha256:36a3cb8c0a032f56e2da7084577878a035d3b61d104230d4bd49c0c6b555a9c6",
                "sha256:47222cb6067e4a307d535814917cd98fd0a57b6788ce715755fa2b6c28b56042"
            ],
            "markers": "python_version >= '3.6'",
            "version": "==0.12.0"
        },
        "h2": {
            "hashes": [
                "sha256:03a46bcf682256c95b5fd9e9a99c1323584c3eec6440d379b9903d709476bc6d",
                "sha256:a83aca08fbe7aacb79fec788c9c0bac936343560ed9ec18b82a13a12c28d2abb"
            ],
            "index": "pypi",
            "version": "==4.1.0"
        },
        "hpack": {
            "hashes": [
                "sha256:84a076fad3dc9a9f8063ccb8041ef100867b1878b25ef0ee63847a5d53818a6c",
                "sha256:fc41de0c63e687ebffde81187a948221294896f6bdc0ae2312708df339430095"
            ],
            "markers": "python_full_version >= '3.6.1'",
            "version": "==4.0.0"
        },
        "httpcore": {
            "hashes": [
                "sha256:9a98d2416b78976fc5396ff1f6b26ae9885efbb3105d24eed490f20ab4c95ec1",
                "sha256:d10162a63265a0228d5807964bd964478cbdb5178f9a2eedfebb2faba27eef5d"
            ],
            "markers": "python_version >= '3.6'",
            "version": "==0.14.3"
        },
        "httpx": {
            "hashes": [
                "sha256:02af20df486b78892a614a7ccd4e4e86a5409ec4981ab0e422c579a887acad83",
                "sha256:208e5ef2ad4d105213463cfd541898ed9d11851b346473539a8425e644bb7c66"
            ],
            "index": "pypi",
            "version": "==0.21.1"
        },
        "hyperframe": {
            "hashes": [
                "sha256:0ec6bafd80d8ad2195c4f03aacba3a8265e57bc4cff261e802bf39970ed02a15",
                "sha256:ae510046231dc8e9ecb1a6586f63d2347bf4c8905914aa84ba585ae85f28a914"
            ],
            "markers": "python_full_version >= '3.6.1'",
            "version": "==6.0.1"
        },
        "idna": {
            "hashes": [
                "sha256:84d9dd047ffa80596e0f246e2eab0b391788b0503584e8945f2368256d2735ff",
                "sha256:9d643ff0a55b762d5cdb124b8eaa99c66322e2157b69160bc32796e824360e6d"
            ],
            "version": "==3.3"
        },
        "inquirer": {
            "hashes": [
                "sha256:65f0a8eaa8bcabd7ec65771c9f872bb2700753c23bbe8b8ff12efd264a9dbf5d",
                "sha256:f50876f5073c8c5fc482b44b8ef4e9720061498abeb352f62b5c94cacf0e43e2"
            ],
            "index": "pypi",
            "version": "==2.9.1"
        },
        "jinxed": {
            "hashes": [
                "sha256:6a61ccf963c16aa885304f27e6e5693783676897cea0c7f223270c8b8e78baf8",
                "sha256:d8f1731f134e9e6b04d95095845ae6c10eb15cb223a5f0cabdea87d4a279c305"
            ],
            "markers": "platform_system == 'Windows'",
            "version": "==1.1.0"
        },
        "pygments": {
            "hashes": [
                "sha256:59b895e326f0fb0d733fd28c6839bd18ad0687ba20efc26d4277fd1d30b971f4",
                "sha256:9135c1af61eec0f650cd1ea1ed8ce298e54d56bcd8cc2ef46edd7702c171337c"
            ],
            "markers": "python_version >= '3.5'",
            "version": "==2.11.1"
        },
        "python-editor": {
            "hashes": [
                "sha256:1bf6e860a8ad52a14c3ee1252d5dc25b2030618ed80c022598f00176adc8367d",
                "sha256:51fda6bcc5ddbbb7063b2af7509e43bd84bfc32a4ff71349ec7847713882327b",
                "sha256:5f98b069316ea1c2ed3f67e7f5df6c0d8f10b689964a4a811ff64f0106819ec8",
                "sha256:c3da2053dbab6b29c94e43c486ff67206eafbe7eb52dbec7390b5e2fb05aac77",
                "sha256:ea87e17f6ec459e780e4221f295411462e0d0810858e055fc514684350a2f522"
            ],
            "version": "==1.0.4"
        },
        "readchar": {
            "hashes": [
                "sha256:3ce642ade5b61efee273b3c4bf55c77a84398178842627c74fcb796e1666ab13",
                "sha256:ebe7b51edae808101ea54b63468e8bea87e0c246301a0100f7777219eb2eb844"
            ],
            "version": "==3.0.4"
        },
        "rfc3986": {
            "extras": [
                "idna2008"
            ],
            "hashes": [
                "sha256:270aaf10d87d0d4e095063c65bf3ddbc6ee3d0b226328ce21e036f946e421835",
                "sha256:a86d6e1f5b1dc238b218b012df0aa79409667bb209e58da56d0b94704e712a97"
            ],
            "version": "==1.5.0"
        },
        "rich": {
            "hashes": [
                "sha256:720974689960e06c2efdb54327f8bf0cdbdf4eae4ad73b6c94213cad405c371b",
                "sha256:c59d73bd804c90f747c8d7b1d023b88f2a9ac2454224a4aeaf959b21eeb42d03"
            ],
            "index": "pypi",
            "version": "==10.16.2"
        },
        "six": {
            "hashes": [
                "sha256:1e61c37477a1626458e36f7b1d82aa5c9b094fa4802892072e49de9c60c4c926",
                "sha256:8abb2f1d86890a2dfb989f9a77cfcfd3e47c2a354b01111771326f8aa26e0254"
            ],
            "markers": "python_version >= '2.7' and python_version not in '3.0, 3.1, 3.2, 3.3'",
            "version": "==1.16.0"
        },
        "sniffio": {
            "hashes": [
                "sha256:471b71698eac1c2112a40ce2752bb2f4a4814c22a54a3eed3676bc0f5ca9f663",
                "sha256:c4666eecec1d3f50960c6bdf61ab7bc350648da6c126e3cf6898d8cd4ddcd3de"
            ],
            "markers": "python_version >= '3.5'",
            "version": "==1.2.0"
        },
        "wcwidth": {
            "hashes": [
                "sha256:beb4802a9cebb9144e99086eff703a642a13d6a0052920003a230f3294bbe784",
                "sha256:c4d647b99872929fdb7bdcaa4fbe7f01413ed3d98077df798530e5b04f116c83"
            ],
            "version": "==0.2.5"
        }
    },
    "develop": {
        "black": {
            "hashes": [
                "sha256:77b80f693a569e2e527958459634f18df9b0ba2625ba4e0c2d5da5be42e6f2b3",
                "sha256:a615e69ae185e08fdd73e4715e260e2479c861b5740057fde6e8b4e3b7dd589f"
            ],
            "index": "pypi",
            "version": "==21.12b0"
        },
        "certifi": {
            "hashes": [
                "sha256:78884e7c1d4b00ce3cea67b44566851c4343c120abd683433ce934a68ea58872",
                "sha256:d62a0163eb4c2344ac042ab2bdf75399a71a2d8c7d47eac2e2ee91b9d6339569"
            ],
            "version": "==2021.10.8"
        },
        "charset-normalizer": {
            "hashes": [
                "sha256:1eecaa09422db5be9e29d7fc65664e6c33bd06f9ced7838578ba40d58bdf3721",
                "sha256:b0b883e8e874edfdece9c28f314e3dd5badf067342e42fb162203335ae61aa2c"
            ],
            "markers": "python_version >= '3.5'",
            "version": "==2.0.9"
        },
        "click": {
            "hashes": [
                "sha256:353f466495adaeb40b6b5f592f9f91cb22372351c84caeb068132442a4518ef3",
                "sha256:410e932b050f5eed773c4cda94de75971c89cdb3155a72a0831139a79e5ecb5b"
            ],
            "index": "pypi",
            "version": "==8.0.3"
        },
        "colorama": {
            "hashes": [
                "sha256:5941b2b48a20143d2267e95b1c2a7603ce057ee39fd88e7329b0c292aa16869b",
                "sha256:9f47eda37229f68eee03b24b9748937c7dc3868f906e8ba69fbcbdd3bc5dc3e2"
            ],
            "markers": "platform_system == 'Windows'",
            "version": "==0.4.4"
        },
        "docutils": {
            "hashes": [
                "sha256:23010f129180089fbcd3bc08cfefccb3b890b0050e1ca00c867036e9d161b98c",
                "sha256:679987caf361a7539d76e584cbeddc311e3aee937877c87346f31debc63e9d06"
            ],
            "markers": "python_version >= '2.7' and python_version not in '3.0, 3.1, 3.2, 3.3, 3.4'",
            "version": "==0.18.1"
        },
        "flit": {
            "hashes": [
                "sha256:03b9812856c7e4368dfa419a87f406e49414e871de02c43c4f754d35dfd70f87",
                "sha256:b1464e006df4df4c8eeb37671c0e0ce66e1d04e4a36d91b702f180a25fde3c11"
            ],
            "index": "pypi",
            "version": "==3.6.0"
        },
        "flit-core": {
            "hashes": [
                "sha256:5892962ab8b8ea945835b3a288fe9dd69316f1903d5288c3f5cafdcdd04756ad",
                "sha256:7661029dedadd456c1d94e0a4765222447f00808bb1fcc767e4270a883ba8b4c"
            ],
            "markers": "python_version >= '3.6'",
            "version": "==3.6.0"
        },
        "idna": {
            "hashes": [
                "sha256:84d9dd047ffa80596e0f246e2eab0b391788b0503584e8945f2368256d2735ff",
                "sha256:9d643ff0a55b762d5cdb124b8eaa99c66322e2157b69160bc32796e824360e6d"
            ],
            "version": "==3.3"
        },
        "isort": {
            "hashes": [
                "sha256:6f62d78e2f89b4500b080fe3a81690850cd254227f27f75c3a0c491a1f351ba7",
                "sha256:e8443a5e7a020e9d7f97f1d7d9cd17c88bcb3bc7e218bf9cf5095fe550be2951"
            ],
            "index": "pypi",
            "version": "==5.10.1"
        },
        "mypy": {
            "hashes": [
                "sha256:0feb82e9fa849affca7edd24713dbe809dce780ced9f3feca5ed3d80e40b777f",
                "sha256:1d2296f35aae9802eeb1327058b550371ee382d71374b3e7d2804035ef0b830b",
                "sha256:1e689e92cdebd87607a041585f1dc7339aa2e8a9f9bad9ba7e6ece619431b20c",
                "sha256:1ea7199780c1d7940b82dbc0a4e37722b4e3851264dbba81e01abecc9052d8a7",
                "sha256:221cc94dc6a801ccc2be7c0c9fd791c5e08d1fa2c5e1c12dec4eab15b2469871",
                "sha256:2e9c5409e9cb81049bb03fa1009b573dea87976713e3898561567a86c4eaee01",
                "sha256:45a4dc21c789cfd09b8ccafe114d6de66f0b341ad761338de717192f19397a8c",
                "sha256:51426262ae4714cc7dd5439814676e0992b55bcc0f6514eccb4cf8e0678962c2",
                "sha256:554873e45c1ca20f31ddf873deb67fa5d2e87b76b97db50669f0468ccded8fae",
                "sha256:5feb56f8bb280468fe5fc8e6f56f48f99aa0df9eed3c507a11505ee4657b5380",
                "sha256:601f46593f627f8a9b944f74fd387c9b5f4266b39abad77471947069c2fc7651",
                "sha256:70b197dd8c78fc5d2daf84bd093e8466a2b2e007eedaa85e792e513a820adbf7",
                "sha256:959319b9a3cafc33a8185f440a433ba520239c72e733bf91f9efd67b0a8e9b30",
                "sha256:a9d8dffefba634b27d650e0de2564379a1a367e2e08d6617d8f89261a3bf63b2",
                "sha256:b419e9721260161e70d054a15abbd50603c16f159860cfd0daeab647d828fc29",
                "sha256:bc1a0607ea03c30225347334af66b0af12eefba018a89a88c209e02b7065ea95",
                "sha256:bf4a44e03040206f7c058d1f5ba02ef2d1820720c88bc4285c7d9a4269f54173",
                "sha256:db3a87376a1380f396d465bed462e76ea89f838f4c5e967d68ff6ee34b785c31",
                "sha256:ed4e0ea066bb12f56b2812a15ff223c57c0a44eca817ceb96b214bb055c7051f",
                "sha256:f9f665d69034b1fcfdbcd4197480d26298bbfb5d2dfe206245b6498addb34999"
            ],
            "index": "pypi",
            "version": "==0.930"
        },
        "mypy-extensions": {
            "hashes": [
                "sha256:090fedd75945a69ae91ce1303b5824f428daf5a028d2f6ab8a299250a846f15d",
                "sha256:2d82818f5bb3e369420cb3c4060a7970edba416647068eb4c5343488a6c604a8"
            ],
            "version": "==0.4.3"
        },
        "pathspec": {
            "hashes": [
                "sha256:7d15c4ddb0b5c802d161efc417ec1a2558ea2653c2e8ad9c19098201dc1c993a",
                "sha256:e564499435a2673d586f6b2130bb5b95f04a3ba06f81b8f895b651a3c76aabb1"
            ],
            "version": "==0.9.0"
        },
        "platformdirs": {
            "hashes": [
                "sha256:1d7385c7db91728b83efd0ca99a5afb296cab9d0ed8313a45ed8ba17967ecfca",
                "sha256:440633ddfebcc36264232365d7840a970e75e1018d15b4327d11f91909045fda"
            ],
            "markers": "python_version >= '3.7'",
            "version": "==2.4.1"
        },
        "requests": {
            "hashes": [
                "sha256:8e5643905bf20a308e25e4c1dd379117c09000bf8a82ebccc462cfb1b34a16b5",
                "sha256:f71a09d7feba4a6b64ffd8e9d9bc60f9bf7d7e19fd0e04362acb1cfc2e3d98df"
            ],
            "markers": "python_version >= '2.7' and python_version not in '3.0, 3.1, 3.2, 3.3, 3.4, 3.5'",
            "version": "==2.27.0"
        },
        "tomli": {
            "hashes": [
                "sha256:05b6166bff487dc068d322585c7ea4ef78deed501cc124060e0f238e89a9231f",
                "sha256:e3069e4be3ead9668e21cb9b074cd948f7b3113fd9c8bba083f48247aab8b11c"
            ],
            "markers": "python_version >= '3.6'",
            "version": "==1.2.3"
        },
        "tomli-w": {
            "hashes": [
                "sha256:9f2a07e8be30a0729e533ec968016807069991ae2fd921a78d42f429ae5f4463",
                "sha256:f463434305e0336248cac9c2dc8076b707d8a12d019dd349f5c1e382dd1ae1b9"
            ],
            "markers": "python_version >= '3.7'",
            "version": "==1.0.0"
        },
        "typing-extensions": {
            "hashes": [
                "sha256:4ca091dea149f945ec56afb48dae714f21e8692ef22a395223bcd328961b6a0e",
                "sha256:7f001e5ac290a0c0401508864c7ec868be4e701886d5b573a9528ed3973d9d3b"
            ],
            "markers": "python_version >= '3.6'",
            "version": "==4.0.1"
        },
        "urllib3": {
            "hashes": [
                "sha256:4987c65554f7a2dbf30c18fd48778ef124af6fab771a377103da0585e2336ece",
                "sha256:c4fdf4019605b6e5423637e01bc9fe4daef873709a7973e195ceba0a62bbc844"
            ],
            "markers": "python_version >= '2.7' and python_version not in '3.0, 3.1, 3.2, 3.3, 3.4' and python_version < '4'",
            "version": "==1.26.7"
        }
    }
}
